# This file is generated by running "yarn install" inside your project.
# Manual changes might be lost - proceed with caution!

__metadata:
  version: 6
  cacheKey: 3

"adjust-sourcemap-loader@npm:2.0.0":
  version: 2.0.0
  resolution: "adjust-sourcemap-loader@npm:2.0.0"
  dependencies:
    assert: 1.4.1
    camelcase: 5.0.0
    loader-utils: 1.2.3
    object-path: 0.11.4
    regex-parser: 2.2.10
  checksum: 086470bacc4244bcc29df88918b362c337c0d6ef6bdb71c6e1a80c04ff66cd518d18f23ba1e2b25908b41882285d9435b1281ae7b104ff6271237ea3bf7e36ac
  languageName: node
  linkType: hard

"ansi-styles@npm:^3.2.1":
  version: 3.2.1
  resolution: "ansi-styles@npm:3.2.1"
  dependencies:
    color-convert: ^1.9.0
  checksum: 456e1c23d9277512a47718da75e7fbb0a5ee215ef893c2f76d6b3efe8fceabc861121b80b0362146f5f995d21a1633f05a19bbf6283ae66ac11dc3b9c0bed779
  languageName: node
  linkType: hard

"arity-n@npm:^1.0.4":
  version: 1.0.4
  resolution: "arity-n@npm:1.0.4"
  checksum: 60e48e72da1f481f538cbf84c18a3be8501e3374ef7b9b99e173e4b90819ad20a8b469ef2b8e43a69e4d9c4595a6954605320c74c79aff6c82cbd3079ecb6624
  languageName: node
  linkType: hard

"assert@npm:1.4.1":
  version: 1.4.1
  resolution: "assert@npm:1.4.1"
  dependencies:
    util: 0.10.3
  checksum: 0e5dd8f92e8de30e321141b1dd1e245c2120ff0718e07bcdce37bb36c8db7c0fb1d226393b021cfaf71fcf987bf6cf4cd50b2dcfa39fa9aeb48df22a3a602dc6
  languageName: node
  linkType: hard

"atob@npm:^2.1.2":
  version: 2.1.2
  resolution: "atob@npm:2.1.2"
  bin:
    atob: bin/atob.js
  checksum: 597c0d1a740bb6522c98bea8fe362ae9420b4203af588d2bd470326d9abd4504264956b8355923d7019a21527ef5e6526a7b4455862ec5178ccd81e0ea289d5f
  languageName: node
  linkType: hard

"big.js@npm:^5.2.2":
  version: 5.2.2
  resolution: "big.js@npm:5.2.2"
  checksum: ea33d7d25674df4253ae3667da7f48ade6cc8828cb4f2c3a7753f53975f10cebae57e0d1ecf84f1b920b5467262dc0d4f357e5e497b138472d0e64992a8402a4
  languageName: node
  linkType: hard

"camelcase@npm:5.0.0":
  version: 5.0.0
  resolution: "camelcase@npm:5.0.0"
  checksum: 73567fa11f981cf6b6f282bf87197172771dccef7a8b1574115058e3f5266f8e0523541b629ba14ee05c269e743f516238862d32812afd6759dbb5fa5080da8e
  languageName: node
  linkType: hard

"camelcase@npm:5.3.1":
  version: 5.3.1
  resolution: "camelcase@npm:5.3.1"
  checksum: 6a3350c4ea8ab6e5109e0b443cfaf43dc40abfad7b2d79dcafbbafbe9b6b4059b4365b17ad822e24cf08e6627c1ffb65a9651d05cef9fcc6f64b6a0c2f327feb
  languageName: node
  linkType: hard

"chalk@npm:^2.4.2":
  version: 2.4.2
  resolution: "chalk@npm:2.4.2"
  dependencies:
    ansi-styles: ^3.2.1
    escape-string-regexp: ^1.0.5
    supports-color: ^5.3.0
  checksum: 22c7b7b5bc761c882bb6516454a1a671923f1c53ff972860065aa0b28a195f230163c1d46ee88bcc7a03e5539177d896457d8bc727de7f244c6e87032743038e
  languageName: node
  linkType: hard

"color-convert@npm:^1.9.0":
  version: 1.9.3
  resolution: "color-convert@npm:1.9.3"
  dependencies:
    color-name: 1.1.3
  checksum: 5f244daa3d1fe1f216d48878c550465067d15268688308554e613b7640a068f96588096d51f0b98b68f15d6ff6bb8ad24e172582ac8c0ad43fa4d3da60fd1b79
  languageName: node
  linkType: hard

"color-name@npm:1.1.3":
  version: 1.1.3
  resolution: "color-name@npm:1.1.3"
  checksum: d8b91bb90aefc05b6ff568cf8889566dcc6269824df6f3c9b8ca842b18d7f4d089c07dc166808d33f22092d4a79167aa56a96a5ff0d21efab548bf44614db43b
  languageName: node
  linkType: hard

"compose-function@npm:3.0.3":
  version: 3.0.3
  resolution: "compose-function@npm:3.0.3"
  dependencies:
    arity-n: ^1.0.4
  checksum: 069b4e1a82db5f00a7d9612565b5f0891744b09c0486bc61e1bcbd419e1202af710e44ec1b2ba2fb322af4861f141432165f34962f32d387c1ff37e4357a66e1
  languageName: node
  linkType: hard

"convert-source-map@npm:1.7.0":
  version: 1.7.0
  resolution: "convert-source-map@npm:1.7.0"
  dependencies:
    safe-buffer: ~5.1.1
  checksum: b10fbf041e3221c65e1ab67f05c8fcbad9c5fd078c62f4a6e05cb5fddc4b5a0e8a17c6a361c6a44f011b1a0c090b36aa88543be9dfa65da8c9e7f39c5de2d4df
  languageName: node
  linkType: hard

"convert-source-map@npm:^0.3.3":
  version: 0.3.5
  resolution: "convert-source-map@npm:0.3.5"
  checksum: d31937554444da25c0a23f75158cc420f13d9b6ae54fd1217522184670c9bcac6e458e53c03fe3fd191b7f1b13c6d135f9771916fcd1d5667d65ce5e4f00ab6d
  languageName: node
  linkType: hard

"cross-env@npm:^7.0":
  version: 7.0.2
  resolution: "cross-env@npm:7.0.2"
  dependencies:
    cross-spawn: ^7.0.1
  bin:
    cross-env: src/bin/cross-env.js
    cross-env-shell: src/bin/cross-env-shell.js
  checksum: 624d638db3b4b6b221f32238aeb6785b865365bf41154f01d46a23b6d78f807ca5588a3b32e9af5f17384b866fed3752d0e3ecf8c4a8cfca2935d363d27ba058
  languageName: node
  linkType: hard

"cross-spawn@npm:^7.0.1":
  version: 7.0.3
  resolution: "cross-spawn@npm:7.0.3"
  dependencies:
    path-key: ^3.1.0
    shebang-command: ^2.0.0
    which: ^2.0.1
  checksum: 51f10036f5f1de781be98f4738d58b50c6d44f4f471069b8ab075b21605893ba1548654880f7310a29a732d6fc7cd481da6026169b9f0831cab0148a62fb397a
  languageName: node
  linkType: hard

"css@npm:^2.0.0":
  version: 2.2.4
  resolution: "css@npm:2.2.4"
  dependencies:
    inherits: ^2.0.3
    source-map: ^0.6.1
    source-map-resolve: ^0.5.2
    urix: ^0.1.0
  checksum: b94365b3c07c35529beab95f679102c66d1027774c2e80f5179a6ee11ccc440046aeb7771df33569334bbdfd8ea753dd132197040dc079fcd881141348a1886f
  languageName: node
  linkType: hard

"d@npm:1, d@npm:^1.0.1":
  version: 1.0.1
  resolution: "d@npm:1.0.1"
  dependencies:
    es5-ext: ^0.10.50
    type: ^1.0.1
  checksum: cf9b770965fa4876f7aff46784e4f1a1ee71cc5df7e05c9c36bee52a74340b312b6f7ab224c8bfcc83f4b18c6f6a24e7b50bcd449ba4464c1df69874941324ae
  languageName: node
  linkType: hard

"decode-uri-component@npm:^0.2.0":
  version: 0.2.0
  resolution: "decode-uri-component@npm:0.2.0"
  checksum: d8cb28c33f7b0a70b159b5fa126aee821ba090396689bd46ad2c423c3a658c504d2743ab18060fd5ed1cae5377bdd3632760a8e98ba920ff49637d43dc6a9687
  languageName: node
  linkType: hard

"emojis-list@npm:^2.0.0":
  version: 2.1.0
  resolution: "emojis-list@npm:2.1.0"
  checksum: 09220b636cb03b16c234b6412391c9d8ce6fab4213659fd88d98a83e1b8fce8c60352f4dfc395a2f14159f1ed348a150c26123aee8afccb15b9747e26ed7b6ec
  languageName: node
  linkType: hard

"es5-ext@npm:^0.10.35, es5-ext@npm:^0.10.50":
  version: 0.10.53
  resolution: "es5-ext@npm:0.10.53"
  dependencies:
    es6-iterator: ~2.0.3
    es6-symbol: ~3.1.3
    next-tick: ~1.0.0
  checksum: 99e8115c2f99674d0defc1e077bb0061cd9e1fc996e93605f83441cc5b3b200b7b3646f9cda9313aa877a05c47b4577ead99a26177136a0ca3f208f67a7b4418
  languageName: node
  linkType: hard

"es6-iterator@npm:2.0.3, es6-iterator@npm:~2.0.3":
  version: 2.0.3
  resolution: "es6-iterator@npm:2.0.3"
  dependencies:
    d: 1
    es5-ext: ^0.10.35
    es6-symbol: ^3.1.1
  checksum: 1880ce31210da874cbb92b404c3128bdf68f616f3a902b2ca1d12f268aaedb11c5e6a2d9d364cde762de0130652a0474ba91abc09fa35f4abf6a8f22a592265e
  languageName: node
  linkType: hard

"es6-symbol@npm:^3.1.1, es6-symbol@npm:~3.1.3":
  version: 3.1.3
  resolution: "es6-symbol@npm:3.1.3"
  dependencies:
    d: ^1.0.1
    ext: ^1.1.2
  checksum: 0915d72de8760b56b69ca4360276123a4f61de5a3172fe340ce9288271cf48bcebe3ee46ca8ee0f2fd73206bbbefa7c4a40a6673d278a87c97d3a155de778931
  languageName: node
  linkType: hard

"escape-string-regexp@npm:^1.0.5":
  version: 1.0.5
  resolution: "escape-string-regexp@npm:1.0.5"
  checksum: f9484b8b4c8827d816e0fd905c25ed4b561376a9c220e1430403ea84619bf680c76a883a48cff8b8e091daf55d6a497e37479f9787b9f15f3c421b6054289744
  languageName: node
  linkType: hard

"ext@npm:^1.1.2":
  version: 1.4.0
  resolution: "ext@npm:1.4.0"
  dependencies:
    type: ^2.0.0
  checksum: c94102371fecdee9f48d1acac2d0e49d49906af457c79d1d7cf1a0a14317ed3e4c99cd8a2e6f9a00e93d54306ee2872e2542edd0aa58bccc4fc72aa429ef215c
  languageName: node
  linkType: hard

"has-flag@npm:^3.0.0":
  version: 3.0.0
  resolution: "has-flag@npm:3.0.0"
  checksum: 63aade480d27aeedb3b5b63a2e069d47d0006bf182338d662e7941cdc024e68a28418e0efa8dc5df30db9c4ee2407f39e6ea3f16cfbc6b83848b450826a28aa0
  languageName: node
  linkType: hard

"inherits@npm:2.0.1":
  version: 2.0.1
  resolution: "inherits@npm:2.0.1"
  checksum: 6f59f627a64cff6f4b5a2723184d831e6fc376cf88b8a94821caa2cad9d44da6d79583335024c01a541d9a25767785928a28f6e2192bb14be9ce800b315b4faa
  languageName: node
  linkType: hard

"inherits@npm:^2.0.3":
  version: 2.0.4
  resolution: "inherits@npm:2.0.4"
  checksum: 98426da247ddfc3dcd7d7daedd90c3ca32d5b08deca08949726f12d49232aef94772a07b36cf4ff833e105ae2ef931777f6de4a6dd8245a216b9299ad4a50bea
  languageName: node
  linkType: hard

"isexe@npm:^2.0.0":
  version: 2.0.0
  resolution: "isexe@npm:2.0.0"
  checksum: 7b437980bb77881a146fba85cfbdf01edc2b148673e9c2722a1e49661fea73adf524430a80fdbfb8ce9f60d43224e682c657c45030482bd39e0c488fc29b4afe
  languageName: node
  linkType: hard

"json5@npm:^1.0.1":
  version: 1.0.2
  resolution: "json5@npm:1.0.2"
  dependencies:
    minimist: ^1.2.0
  bin:
    json5: lib/cli.js
  checksum: 8/866458a8c58a95a49bef3adba929c625e82532bcff1fe93f01d29cb02cac7c3fe1f4b79951b7792c2da9de0b32871a8401a6e3c5b36778ad852bf5b8a61165d7
  languageName: node
  linkType: hard

"loader-utils@npm:1.2.3":
  version: 1.2.3
  resolution: "loader-utils@npm:1.2.3"
  dependencies:
    big.js: ^5.2.2
    emojis-list: ^2.0.0
    json5: ^1.0.1
  checksum: 61b44f2d301c063f4937de087bffa1289ec65a88d7bccb1527baf1f63f1278761e18eb230b86f40fbea20776ed5aadcbb1ab468088ccde86858d2a4f77db1467
  languageName: node
  linkType: hard

"minimist@npm:^1.2.0":
  version: 1.2.5
  resolution: "minimist@npm:1.2.5"
  checksum: b77b8590147a4e217ff34266236bc39de23b52e6e33054076991ff674c7397a1380a7bde11111916f16f003a94aaa7e4f3d92595a32189644ff607fabc65a5b6
  languageName: node
  linkType: hard

"next-tick@npm:~1.0.0":
  version: 1.0.0
  resolution: "next-tick@npm:1.0.0"
  checksum: 18db63c447c6e65a23235b91da9ccdae53f74f9194cfbc71a1fd3170cdf81bd157d9676e47c2ea4ea5bd20e09fb019917b0a45d8e1a63e377175fc083f285234
  languageName: node
  linkType: hard

"object-path@npm:0.11.4":
  version: 0.11.4
  resolution: "object-path@npm:0.11.4"
  checksum: 5e3d4690d00cd6febeb19f888858ac0da8dc9f83a0a364401259d9dfaad0fd58c638632a78e63f81710d4e9a59b3f1f9e4aadacf61f31ab9cb1602194fd76d81
  languageName: node
  linkType: hard

"path-key@npm:^3.1.0":
  version: 3.1.1
  resolution: "path-key@npm:3.1.1"
  checksum: e44aa3ca9faed0440994883050143b1214fffb907bf3a7bbdba15dc84f60821617c0d84e4cc74e1d84e9274003da50427f54d739b0b47636bcbaff4ec71b9b86
  languageName: node
  linkType: hard

"postcss@npm:7.0.21":
  version: 7.0.21
  resolution: "postcss@npm:7.0.21"
  dependencies:
    chalk: ^2.4.2
    source-map: ^0.6.1
    supports-color: ^6.1.0
  checksum: 1c8617c2209480ddf3a460d668e69e3228035add75d7d7588c4122d11c7ae58d8b41e5c7a130c1969f2150c2a5bf5f78c5dcf146bb1bbfaf1ab1163ea7df4cf0
  languageName: node
  linkType: hard

"regex-parser@npm:2.2.10":
  version: 2.2.10
  resolution: "regex-parser@npm:2.2.10"
  checksum: b8c026e9a7b1f2dacba70a71c3464e8c2b43dbf44b719f8a8b3a244cd47177f99dc8ff184ee02302635728f378eb9828e8845620fbb79deb153b597a5619232b
  languageName: node
  linkType: hard

"resolve-url-loader@npm:^3.1.0":
  version: 3.1.1
  resolution: "resolve-url-loader@npm:3.1.1"
  dependencies:
    adjust-sourcemap-loader: 2.0.0
    camelcase: 5.3.1
    compose-function: 3.0.3
    convert-source-map: 1.7.0
    es6-iterator: 2.0.3
    loader-utils: 1.2.3
    postcss: 7.0.21
    rework: 1.0.1
    rework-visit: 1.0.0
    source-map: 0.6.1
  checksum: 7b113ac9e6cc5340ef41f7318411fc920bceb2282f4f397fbe563dd1dc6dfafc4c89f21f729c137c1de31864d9672461f85bafd8060e12aeee85ba80011c2b9a
  languageName: node
  linkType: hard

"resolve-url@npm:^0.2.1":
  version: 0.2.1
  resolution: "resolve-url@npm:0.2.1"
  checksum: 9e1cd0028d0f2e157a889a02653637c1c1d7f133aa47b75261b4590e84105e63fae3b6be31bad50d5b94e01898d9dbe6b95abe28db7eab46e22321f7cbf00273
  languageName: node
  linkType: hard

"rework-visit@npm:1.0.0":
  version: 1.0.0
  resolution: "rework-visit@npm:1.0.0"
  checksum: ff782e79aabef1bae937a0873f75f2cec5e4269d3778bb31d020f47d259169617e742d222340a636aa81aa234bc9b34a14ee5695bcdbb80d71b6ad358b8b8307
  languageName: node
  linkType: hard

"rework@npm:1.0.1":
  version: 1.0.1
  resolution: "rework@npm:1.0.1"
  dependencies:
    convert-source-map: ^0.3.3
    css: ^2.0.0
  checksum: fffaf7b8df23f304a9c2a58f9ded2a696f0b6ce36d92e38cb70bd769c992290dee9cbbf7b6aed089f0287d59a7954636092f43aefe2ab49ade926600ace19ffe
  languageName: node
  linkType: hard

"root-workspace-0b6124@workspace:.":
  version: 0.0.0-use.local
  resolution: "root-workspace-0b6124@workspace:."
  dependencies:
    cross-env: ^7.0
    resolve-url-loader: ^3.1.0
  languageName: unknown
  linkType: soft

"safe-buffer@npm:~5.1.1":
  version: 5.1.2
  resolution: "safe-buffer@npm:5.1.2"
  checksum: 2708587c1b5e70a5e420714ceb59f30f5791c6e831d39812125a008eca63a4ac18578abd020a0776ea497ff03b4543f2b2a223a7b9073bf2d6c7af9ec6829218
  languageName: node
  linkType: hard

"shebang-command@npm:^2.0.0":
  version: 2.0.0
  resolution: "shebang-command@npm:2.0.0"
  dependencies:
    shebang-regex: ^3.0.0
  checksum: 85aa394d8cedeedf2e03524d6defef67a2b07d3a17d7ee50d4281d62d3fca898f26ebe7aa7bf674d51b80f197aa1d346bc1a10e8efb04377b534f4322c621012
  languageName: node
  linkType: hard

"shebang-regex@npm:^3.0.0":
  version: 3.0.0
  resolution: "shebang-regex@npm:3.0.0"
  checksum: ea18044ffaf18129ced5a246660a9171a7dff98999aaa9de8abb237d8a7711d8a1f76e16881399994ee429156717ce1c6a50c665bb18a4d55a7f80b9125b1f7d
  languageName: node
  linkType: hard

"source-map-resolve@npm:^0.5.2":
  version: 0.5.3
  resolution: "source-map-resolve@npm:0.5.3"
  dependencies:
    atob: ^2.1.2
    decode-uri-component: ^0.2.0
    resolve-url: ^0.2.1
    source-map-url: ^0.4.0
    urix: ^0.1.0
  checksum: 042ad0c0ba70458ba45fc8726a4eb61068ca0a5273578994803e25fc0fb8da00854cf5004616c9b6d0cb7fcd528c50313789d75dfc56a2f5c789cbd332bf4331
  languageName: node
  linkType: hard

"source-map-url@npm:^0.4.0":
  version: 0.4.0
  resolution: "source-map-url@npm:0.4.0"
  checksum: 84d509cfa1f6f5e0d2a36e17b8097422954e3007fbe4b741c2f1ec91551ac5493ffa0c21862a54bb8e0d31701fe2cba1129aced695f515d35d375bfad755eb98
  languageName: node
  linkType: hard

"source-map@npm:0.6.1, source-map@npm:^0.6.1":
  version: 0.6.1
  resolution: "source-map@npm:0.6.1"
  checksum: 8647829a0611724114022be455ca1c8a2c8ae61df81c5b3667d9b398207226a1e21174fb7bbf0b4dbeb27ac358222afb5a14f1c74a62a62b8883b012e5eb1270
  languageName: node
  linkType: hard

"supports-color@npm:^5.3.0":
  version: 5.5.0
  resolution: "supports-color@npm:5.5.0"
  dependencies:
    has-flag: ^3.0.0
  checksum: edacee6425498440744c418be94b0660181aad2a1828bcf2be85c42bd385da2fd8b2b358d9b62b0c5b03ff5cd3e992458d7b8f879d9fb42f2201fe05a4848a29
  languageName: node
  linkType: hard

"supports-color@npm:^6.1.0":
  version: 6.1.0
  resolution: "supports-color@npm:6.1.0"
  dependencies:
    has-flag: ^3.0.0
  checksum: 86821571295ad9f808d5e0149f13c2b0ca6faaf1325c427b369e6f4b2b1e4759046b7a4ea0e3c3c7f2546035fa2fb0d6a90f31c6c4f751eaedbcdc1b983a08cc
  languageName: node
  linkType: hard

"type@npm:^1.0.1":
  version: 1.2.0
  resolution: "type@npm:1.2.0"
  checksum: 1589416fd9d0a0a1bf18c62dbc7452b0f22017efd5bfc2912050bb57421b084801563ff13b3e3efd60df45590f23e1f3d27d892aeeec9b3ed142c917a4858812
  languageName: node
  linkType: hard

"type@npm:^2.0.0":
  version: 2.0.0
  resolution: "type@npm:2.0.0"
  checksum: aa673b5a91fce3827f7f13fdd0b78582fa1946c493e42d4afaa5566295725630cc274069e55da48bcffe0fb6aa7d398be1e4808fd5b132eb6355db6cec3ef023
  languageName: node
  linkType: hard

"urix@npm:^0.1.0":
  version: 0.1.0
  resolution: "urix@npm:0.1.0"
  checksum: 6bdfca4e7fb7d035537068a47a04ace1bacfa32e6b1aaf54c5a0340c83125a186d59109a19b9a3a1c1f986d3eb718b82faf9ad03d53cb99cf868068580b15b3b
  languageName: node
  linkType: hard

"util@npm:0.10.3":
  version: 0.10.3
  resolution: "util@npm:0.10.3"
  dependencies:
    inherits: 2.0.1
  checksum: 05c1a09f3af90250365386331b3986c0753af1900f20279f9302409b27e9d9d3c03a9cf4efba48aae859d04348ebfe56d68f89688113f61171da9c4fbe6baaca
  languageName: node
  linkType: hard

"which@npm:^2.0.1":
  version: 2.0.2
  resolution: "which@npm:2.0.2"
  dependencies:
    isexe: ^2.0.0
  bin:
    node-which: ./bin/node-which
  checksum: ea9b1db1266b08f7880717cf70dd9012dd523e5a317f10fbe4d5e8c1a761c5fd237f88642f2ba33b23f973ff4002c9b26648d63084ab208d8ecef36497315f6e
  languageName: node
  linkType: hard
