# This file is generated by running "yarn install" inside your project.
# Manual changes might be lost - proceed with caution!

__metadata:
  version: 6
  cacheKey: 3

"adjust-sourcemap-loader@npm:^4.0.0":
  version: 4.0.0
  resolution: "adjust-sourcemap-loader@npm:4.0.0"
  dependencies:
    loader-utils: ^2.0.0
    regex-parser: ^2.2.11
  checksum: 8/d524ae23582f41e2275af5d88faab7a9dc09770ed588244e0a76d3196d0d6a90bf02760c71bc6213dbfef3aef4a86232ac9521bfd629752c32b7af37bc74c660
  languageName: node
  linkType: hard

"big.js@npm:^5.2.2":
  version: 5.2.2
  resolution: "big.js@npm:5.2.2"
  checksum: ea33d7d25674df4253ae3667da7f48ade6cc8828cb4f2c3a7753f53975f10cebae57e0d1ecf84f1b920b5467262dc0d4f357e5e497b138472d0e64992a8402a4
  languageName: node
  linkType: hard

"convert-source-map@npm:^1.7.0":
  version: 1.9.0
  resolution: "convert-source-map@npm:1.9.0"
  checksum: 8/dc55a1f28ddd0e9485ef13565f8f756b342f9a46c4ae18b843fe3c30c675d058d6a4823eff86d472f187b176f0adf51ea7b69ea38be34be4a63cbbf91b0593c8
  languageName: node
  linkType: hard

"cross-env@npm:^7.0":
  version: 7.0.2
  resolution: "cross-env@npm:7.0.2"
  dependencies:
    cross-spawn: ^7.0.1
  bin:
    cross-env: src/bin/cross-env.js
    cross-env-shell: src/bin/cross-env-shell.js
  checksum: 624d638db3b4b6b221f32238aeb6785b865365bf41154f01d46a23b6d78f807ca5588a3b32e9af5f17384b866fed3752d0e3ecf8c4a8cfca2935d363d27ba058
  languageName: node
  linkType: hard

"cross-spawn@npm:^7.0.1":
  version: 7.0.3
  resolution: "cross-spawn@npm:7.0.3"
  dependencies:
    path-key: ^3.1.0
    shebang-command: ^2.0.0
    which: ^2.0.1
  checksum: 51f10036f5f1de781be98f4738d58b50c6d44f4f471069b8ab075b21605893ba1548654880f7310a29a732d6fc7cd481da6026169b9f0831cab0148a62fb397a
  languageName: node
  linkType: hard

"emojis-list@npm:^3.0.0":
  version: 3.0.0
  resolution: "emojis-list@npm:3.0.0"
  checksum: 8/ddaaa02542e1e9436c03970eeed445f4ed29a5337dfba0fe0c38dfdd2af5da2429c2a0821304e8a8d1cadf27fdd5b22ff793571fa803ae16852a6975c65e8e70
  languageName: node
  linkType: hard

"isexe@npm:^2.0.0":
  version: 2.0.0
  resolution: "isexe@npm:2.0.0"
  checksum: 7b437980bb77881a146fba85cfbdf01edc2b148673e9c2722a1e49661fea73adf524430a80fdbfb8ce9f60d43224e682c657c45030482bd39e0c488fc29b4afe
  languageName: node
  linkType: hard

"json5@npm:^2.1.2":
  version: 2.2.1
  resolution: "json5@npm:2.2.1"
  bin:
    json5: lib/cli.js
  checksum: 8/74b8a23b102a6f2bf2d224797ae553a75488b5adbaee9c9b6e5ab8b510a2fc6e38f876d4c77dea672d4014a44b2399e15f2051ac2b37b87f74c0c7602003543b
  languageName: node
  linkType: hard

"loader-utils@npm:^2.0.0":
  version: 2.0.4
  resolution: "loader-utils@npm:2.0.4"
  dependencies:
    big.js: ^5.2.2
    emojis-list: ^3.0.0
    json5: ^2.1.2
  checksum: 8/a5281f5fff1eaa310ad5e1164095689443630f3411e927f95031ab4fb83b4a98f388185bb1fe949e8ab8d4247004336a625e9255c22122b815bb9a4c5d8fc3b7
  languageName: node
  linkType: hard

"nanoid@npm:^3.3.4":
  version: 3.3.4
  resolution: "nanoid@npm:3.3.4"
  bin:
    nanoid: bin/nanoid.cjs
  checksum: 8/2fddd6dee994b7676f008d3ffa4ab16035a754f4bb586c61df5a22cf8c8c94017aadd360368f47d653829e0569a92b129979152ff97af23a558331e47e37cd9c
  languageName: node
  linkType: hard

"path-key@npm:^3.1.0":
  version: 3.1.1
  resolution: "path-key@npm:3.1.1"
  checksum: e44aa3ca9faed0440994883050143b1214fffb907bf3a7bbdba15dc84f60821617c0d84e4cc74e1d84e9274003da50427f54d739b0b47636bcbaff4ec71b9b86
  languageName: node
  linkType: hard

"picocolors@npm:^1.0.0":
  version: 1.0.0
  resolution: "picocolors@npm:1.0.0"
  checksum: 8/a2e8092dd86c8396bdba9f2b5481032848525b3dc295ce9b57896f931e63fc16f79805144321f72976383fc249584672a75cc18d6777c6b757603f372f745981
  languageName: node
  linkType: hard

"postcss@npm:^8.2.14":
  version: 8.4.19
  resolution: "postcss@npm:8.4.19"
  dependencies:
    nanoid: ^3.3.4
    picocolors: ^1.0.0
    source-map-js: ^1.0.2
  checksum: 8/62782723a385f92b7525f66d29614624de7c5643855423db3a5efd9287e677650300192749adddbbb6734cea9b1d5f5fd4f6ea00ca3f9a95dbbb88f835f5ca64
  languageName: node
  linkType: hard

"regex-parser@npm:^2.2.11":
  version: 2.2.11
  resolution: "regex-parser@npm:2.2.11"
  checksum: 8/78200331ec0cc372302d287a4946c38681eb5fe435453fca572cb53cac0ba579e5eb3b9e25eac24c0c80a555fb3ea7a637814a35da1e9bc88e8819110ae5de24
  languageName: node
  linkType: hard

"resolve-url-loader@npm:^5.0.0":
  version: 5.0.0
  resolution: "resolve-url-loader@npm:5.0.0"
  dependencies:
    adjust-sourcemap-loader: ^4.0.0
    convert-source-map: ^1.7.0
    loader-utils: ^2.0.0
    postcss: ^8.2.14
    source-map: 0.6.1
  checksum: 8/6d483733a4c26f75ce930a61943113bf730b5ba33a7186791cf1ae9c2ca02c3e94610bc6484ca008a372ee9e31750eccea74856a89daf1a29b8437ff564d27f2
  languageName: node
  linkType: hard

"root-workspace-0b6124@workspace:.":
  version: 0.0.0-use.local
  resolution: "root-workspace-0b6124@workspace:."
  dependencies:
    cross-env: ^7.0
    resolve-url-loader: ^5.0.0
  languageName: unknown
  linkType: soft

"shebang-command@npm:^2.0.0":
  version: 2.0.0
  resolution: "shebang-command@npm:2.0.0"
  dependencies:
    shebang-regex: ^3.0.0
  checksum: 85aa394d8cedeedf2e03524d6defef67a2b07d3a17d7ee50d4281d62d3fca898f26ebe7aa7bf674d51b80f197aa1d346bc1a10e8efb04377b534f4322c621012
  languageName: node
  linkType: hard

"shebang-regex@npm:^3.0.0":
  version: 3.0.0
  resolution: "shebang-regex@npm:3.0.0"
  checksum: ea18044ffaf18129ced5a246660a9171a7dff98999aaa9de8abb237d8a7711d8a1f76e16881399994ee429156717ce1c6a50c665bb18a4d55a7f80b9125b1f7d
  languageName: node
  linkType: hard

"source-map-js@npm:^1.0.2":
  version: 1.0.2
  resolution: "source-map-js@npm:1.0.2"
  checksum: 8/c049a7fc4deb9a7e9b481ae3d424cc793cb4845daa690bc5a05d428bf41bf231ced49b4cf0c9e77f9d42fdb3d20d6187619fc586605f5eabe995a316da8d377c
  languageName: node
  linkType: hard

"source-map@npm:0.6.1":
  version: 0.6.1
  resolution: "source-map@npm:0.6.1"
  checksum: 8647829a0611724114022be455ca1c8a2c8ae61df81c5b3667d9b398207226a1e21174fb7bbf0b4dbeb27ac358222afb5a14f1c74a62a62b8883b012e5eb1270
  languageName: node
  linkType: hard

"which@npm:^2.0.1":
  version: 2.0.2
  resolution: "which@npm:2.0.2"
  dependencies:
    isexe: ^2.0.0
  bin:
    node-which: ./bin/node-which
  checksum: ea9b1db1266b08f7880717cf70dd9012dd523e5a317f10fbe4d5e8c1a761c5fd237f88642f2ba33b23f973ff4002c9b26648d63084ab208d8ecef36497315f6e
  languageName: node
  linkType: hard
